
Microsoft Visual Studio Solution File, Format Version 12.00
# Visual Studio Version 17
VisualStudioVersion = 17.11.35208.52
MinimumVisualStudioVersion = 10.0.40219.1
Project("{FAE04EC0-301F-11D3-BF4B-00C04F79EFBC}") = "Library", "Library\Library.csproj", "{7378B135-26A1-409B-8DA4-54A082BF29D5}"
EndProject
Global
	GlobalSection(SolutionConfigurationPlatforms) = preSolution
		Debug|Any CPU = Debug|Any CPU
		Release|Any CPU = Release|Any CPU
	EndGlobalSection
	GlobalSection(ProjectConfigurationPlatforms) = postSolution
		{7378B135-26A1-409B-8DA4-54A082BF29D5}.Debug|Any CPU.ActiveCfg = Debug|Any CPU
		{7378B135-26A1-409B-8DA4-54A082BF29D5}.Debug|Any CPU.Build.0 = Debug|Any CPU
		{7378B135-26A1-409B-8DA4-54A082BF29D5}.Release|Any CPU.ActiveCfg = Release|Any CPU
		{7378B135-26A1-409B-8DA4-54A082BF29D5}.Release|Any CPU.Build.0 = Release|Any CPU
	EndGlobalSection
	GlobalSection(SolutionProperties) = preSolution
		HideSolutionNode = FALSE
	EndGlobalSection
	GlobalSection(ExtensibilityGlobals) = postSolution
		SolutionGuid = {819ADA57-8BCE-4D06-AD00-A5B20E956A36}
	EndGlobalSection
EndGlobal
